
Microsoft Visual Studio Solution File, Format Version 12.00
# Visual Studio Version 17
VisualStudioVersion = 17.1.32328.378
MinimumVisualStudioVersion = 10.0.40219.1
Project("{9A19103F-16F7-4668-BE54-9A1E7A4F7556}") = "TM_Eshop_v1.Server", "TM_Eshop_v1\Server\TM_Eshop_v1.Server.csproj", "{35FB84AE-465C-4822-AF82-6A67483DBF81}"
EndProject
Project("{9A19103F-16F7-4668-BE54-9A1E7A4F7556}") = "TM_Eshop_v1.Client", "TM_Eshop_v1\Client\TM_Eshop_v1.Client.csproj", "{16A32C02-BD49-462B-9353-ECEFEEB22FAE}"
EndProject
Project("{9A19103F-16F7-4668-BE54-9A1E7A4F7556}") = "TM_Eshop_v1.Shared", "TM_Eshop_v1\Shared\TM_Eshop_v1.Shared.csproj", "{9FE25493-4CE7-477E-8648-741621008532}"
EndProject
Global
	GlobalSection(SolutionConfigurationPlatforms) = preSolution
		Debug|Any CPU = Debug|Any CPU
		Release|Any CPU = Release|Any CPU
	EndGlobalSection
	GlobalSection(ProjectConfigurationPlatforms) = postSolution
		{35FB84AE-465C-4822-AF82-6A67483DBF81}.Debug|Any CPU.ActiveCfg = Debug|Any CPU
		{35FB84AE-465C-4822-AF82-6A67483DBF81}.Debug|Any CPU.Build.0 = Debug|Any CPU
		{35FB84AE-465C-4822-AF82-6A67483DBF81}.Release|Any CPU.ActiveCfg = Release|Any CPU
		{35FB84AE-465C-4822-AF82-6A67483DBF81}.Release|Any CPU.Build.0 = Release|Any CPU
		{16A32C02-BD49-462B-9353-ECEFEEB22FAE}.Debug|Any CPU.ActiveCfg = Debug|Any CPU
		{16A32C02-BD49-462B-9353-ECEFEEB22FAE}.Debug|Any CPU.Build.0 = Debug|Any CPU
		{16A32C02-BD49-462B-9353-ECEFEEB22FAE}.Release|Any CPU.ActiveCfg = Release|Any CPU
		{16A32C02-BD49-462B-9353-ECEFEEB22FAE}.Release|Any CPU.Build.0 = Release|Any CPU
		{9FE25493-4CE7-477E-8648-741621008532}.Debug|Any CPU.ActiveCfg = Debug|Any CPU
		{9FE25493-4CE7-477E-8648-741621008532}.Debug|Any CPU.Build.0 = Debug|Any CPU
		{9FE25493-4CE7-477E-8648-741621008532}.Release|Any CPU.ActiveCfg = Release|Any CPU
		{9FE25493-4CE7-477E-8648-741621008532}.Release|Any CPU.Build.0 = Release|Any CPU
	EndGlobalSection
	GlobalSection(SolutionProperties) = preSolution
		HideSolutionNode = FALSE
	EndGlobalSection
	GlobalSection(ExtensibilityGlobals) = postSolution
		SolutionGuid = {F844CB5F-F5E3-455E-B35E-B14CA3756A7C}
	EndGlobalSection
EndGlobal
